
Microsoft Visual Studio Solution File, Format Version 12.00
# Visual Studio Version 17
VisualStudioVersion = 17.8.34309.116
MinimumVisualStudioVersion = 10.0.40219.1
Project("{FAE04EC0-301F-11D3-BF4B-00C04F79EFBC}") = "TestLib", "TestLib.csproj", "{38387AF8-9721-4742-B348-5EE6382F3536}"
EndProject
Global
	GlobalSection(SolutionConfigurationPlatforms) = preSolution
		Debug|Any CPU = Debug|Any CPU
		Release|Any CPU = Release|Any CPU
	EndGlobalSection
	GlobalSection(ProjectConfigurationPlatforms) = postSolution
		{38387AF8-9721-4742-B348-5EE6382F3536}.Debug|Any CPU.ActiveCfg = Debug|Any CPU
		{38387AF8-9721-4742-B348-5EE6382F3536}.Debug|Any CPU.Build.0 = Debug|Any CPU
		{38387AF8-9721-4742-B348-5EE6382F3536}.Release|Any CPU.ActiveCfg = Release|Any CPU
		{38387AF8-9721-4742-B348-5EE6382F3536}.Release|Any CPU.Build.0 = Release|Any CPU
	EndGlobalSection
	GlobalSection(SolutionProperties) = preSolution
		HideSolutionNode = FALSE
	EndGlobalSection
	GlobalSection(ExtensibilityGlobals) = postSolution
		SolutionGuid = {EAAD4E0B-DE61-4367-BC1C-C7A182EE5663}
	EndGlobalSection
EndGlobal
